# THIS IS AN AUTOGENERATED FILE. DO NOT EDIT THIS FILE DIRECTLY.
# yarn lockfile v1


"@types/node@*":
  version "20.4.9"
  resolved "https://registry.yarnpkg.com/@types/node/-/node-20.4.9.tgz#c7164e0f8d3f12dfae336af0b1f7fdec8c6b204f"
  integrity sha512-8e2HYcg7ohnTUbHk8focoklEQYvemQmu9M/f43DZVx43kHn0tE3BY/6gSDxS7k0SprtS0NHvj+L80cGLnoOUcQ==

"@types/speakeasy@^2.0.7":
  version "2.0.7"
  resolved "https://registry.yarnpkg.com/@types/speakeasy/-/speakeasy-2.0.7.tgz#cb087c501b3eef744a1ae620c19812dd1c3b2f3f"
  integrity sha512-JEcOhN2SQCoX86ZfiZEe8px84sVJtivBXMZfOVyARTYEj0hrwwbj1nF0FwEL3nJSoEV6uTbcdLllMKBgAYHWCQ==
  dependencies:
    "@types/node" "*"

"@vercel/ncc@^0.36.1":
  version "0.36.1"
  resolved "https://registry.yarnpkg.com/@vercel/ncc/-/ncc-0.36.1.tgz#d4c01fdbbe909d128d1bf11c7f8b5431654c5b95"
  integrity sha512-S4cL7Taa9yb5qbv+6wLgiKVZ03Qfkc4jGRuiUQMQ8HGBD5pcNRnHeYM33zBvJE4/zJGjJJ8GScB+WmTsn9mORw==

base32.js@0.0.1:
  version "0.0.1"
  resolved "https://registry.yarnpkg.com/base32.js/-/base32.js-0.0.1.tgz#d045736a57b1f6c139f0c7df42518a84e91bb2ba"
  integrity sha512-EGHIRiegFa62/SsA1J+Xs2tIzludPdzM064N9wjbiEgHnGnJ1V0WEpA4pEwCYT5nDvZk3ubf0shqaCS7k6xeUQ==

dayjs@^1.10.7:
  version "1.11.9"
  resolved "https://registry.yarnpkg.com/dayjs/-/dayjs-1.11.9.tgz#9ca491933fadd0a60a2c19f6c237c03517d71d1a"
  integrity sha512-QvzAURSbQ0pKdIye2txOzNaHmxtUBXerpY0FJsFXUMKbIZeFm5ht1LS/jFsrncjnmtv8HsG0W2g6c0zUjZWmpA==

dotenv@^16.0.0:
  version "16.3.1"
  resolved "https://registry.yarnpkg.com/dotenv/-/dotenv-16.3.1.tgz#369034de7d7e5b120972693352a3bf112172cc3e"
  integrity sha512-IPzF4w4/Rd94bA9imS68tZBaYyBWSCE47V1RGuMrB94iyTOIEwRmVL2x/4An+6mETpLrKJ5hQkB8W4kFAadeIQ==

playwright-core@1.36.2:
  version "1.36.2"
  resolved "https://registry.yarnpkg.com/playwright-core/-/playwright-core-1.36.2.tgz#32382f2d96764c24c65a86ea336cf79721c2e50e"
  integrity sha512-sQYZt31dwkqxOrP7xy2ggDfEzUxM1lodjhsQ3NMMv5uGTRDsLxU0e4xf4wwMkF2gplIxf17QMBCodSFgm6bFVQ==

playwright@^1.36.2:
  version "1.36.2"
  resolved "https://registry.yarnpkg.com/playwright/-/playwright-1.36.2.tgz#4f25272209a31ad1138d7b9868e0325159f003e3"
  integrity sha512-4Fmlq3KWsl85Bl4InJw1NC21aeQV0iSZuFvTDcy1F8zVmXmgQRe89GxF8zMSRt/KIS+2tUolak7EXVl9aC+JdA==
  dependencies:
    playwright-core "1.36.2"

speakeasy@^2.0.0:
  version "2.0.0"
  resolved "https://registry.yarnpkg.com/speakeasy/-/speakeasy-2.0.0.tgz#85c91a071b09a5cb8642590d983566165f57613a"
  integrity sha512-lW2A2s5LKi8rwu77ewisuUOtlCydF/hmQSOJjpTqTj1gZLkNgTaYnyvfxy2WBr4T/h+9c4g8HIITfj83OkFQFw==
  dependencies:
    base32.js "0.0.1"

typescript@^4.5.5:
  version "4.9.5"
  resolved "https://registry.yarnpkg.com/typescript/-/typescript-4.9.5.tgz#095979f9bcc0d09da324d58d03ce8f8374cbe65a"
  integrity sha512-1FXk9E2Hm+QzZQ7z+McJiHL4NW1F2EzMu9Nq9i3zAaGqibafqYwCVU6WyWAuyQRRzOlxou8xZSyXLEN8oKj24g==
